
Microsoft Visual Studio Solution File, Format Version 12.00
# Visual Studio Version 16
VisualStudioVersion = 16.0.30320.27
MinimumVisualStudioVersion = 10.0.40219.1
Project("{8BC9CEB8-8B4A-11D0-8D11-00A0C91BC942}") = "Homework23", "Homework23\Homework23.vcxproj", "{E3969E08-3F1F-4F58-8D54-D99411AF3777}"
EndProject
Global
	GlobalSection(SolutionConfigurationPlatforms) = preSolution
		Debug|x64 = Debug|x64
		Debug|x86 = Debug|x86
		Release|x64 = Release|x64
		Release|x86 = Release|x86
	EndGlobalSection
	GlobalSection(ProjectConfigurationPlatforms) = postSolution
		{E3969E08-3F1F-4F58-8D54-D99411AF3777}.Debug|x64.ActiveCfg = Debug|x64
		{E3969E08-3F1F-4F58-8D54-D99411AF3777}.Debug|x64.Build.0 = Debug|x64
		{E3969E08-3F1F-4F58-8D54-D99411AF3777}.Debug|x86.ActiveCfg = Debug|Win32
		{E3969E08-3F1F-4F58-8D54-D99411AF3777}.Debug|x86.Build.0 = Debug|Win32
		{E3969E08-3F1F-4F58-8D54-D99411AF3777}.Release|x64.ActiveCfg = Release|x64
		{E3969E08-3F1F-4F58-8D54-D99411AF3777}.Release|x64.Build.0 = Release|x64
		{E3969E08-3F1F-4F58-8D54-D99411AF3777}.Release|x86.ActiveCfg = Release|Win32
		{E3969E08-3F1F-4F58-8D54-D99411AF3777}.Release|x86.Build.0 = Release|Win32
	EndGlobalSection
	GlobalSection(SolutionProperties) = preSolution
		HideSolutionNode = FALSE
	EndGlobalSection
	GlobalSection(ExtensibilityGlobals) = postSolution
		SolutionGuid = {2BB5CE0B-48EE-4EF6-BE25-0EE77C6D71D9}
	EndGlobalSection
EndGlobal
